
Microsoft Visual Studio Solution File, Format Version 12.00
Project("{FAE04EC0-301F-11D3-BF4B-00C04F79EFBC}") = "SimpleXisoDrive", "SimpleXisoDrive\SimpleXisoDrive.csproj", "{D2E41FB1-2ABE-4F42-873B-0D40B3B60CEB}"
EndProject
Project("{FAE04EC0-301F-11D3-BF4B-00C04F79EFBC}") = "SimpleXisoDrive.Tests", "SimpleXisoDrive.Tests\SimpleXisoDrive.Tests.csproj", "{DB4BB16D-ACC0-40DF-B733-5F6610948895}"
EndProject
Project("{FAE04EC0-301F-11D3-BF4B-00C04F79EFBC}") = "SimpleXisoDrive.Core", "SimpleXisoDrive.Core\SimpleXisoDrive.Core.csproj", "{D5D3CE08-48A8-4523-B63C-89729EDAD674}"
EndProject
Project("{FAE04EC0-301F-11D3-BF4B-00C04F79EFBC}") = "SimpleXisoDrive.Unix", "SimpleXisoDrive.Unix\SimpleXisoDrive.Unix.csproj", "{5CF079DC-3D5A-4F4C-A22B-A5960A6909DC}"
EndProject
Project("{FAE04EC0-301F-11D3-BF4B-00C04F79EFBC}") = "SimpleXisoDrive.Unix.Tests", "SimpleXisoDrive.Unix.Tests\SimpleXisoDrive.Unix.Tests.csproj", "{45ABABD5-EF5B-49FB-811F-D31A11188EE2}"
EndProject
Project("{FAE04EC0-301F-11D3-BF4B-00C04F79EFBC}") = "FuseSharp", "FuseSharp\FuseSharp.csproj", "{004BC0D8-3E08-4577-839A-497F675394FC}"
EndProject
Global
	GlobalSection(SolutionConfigurationPlatforms) = preSolution
		Debug|Any CPU = Debug|Any CPU
		Debug|x64 = Debug|x64
		Debug|x86 = Debug|x86
		Release|Any CPU = Release|Any CPU
		Release|x64 = Release|x64
		Release|x86 = Release|x86
	EndGlobalSection
	GlobalSection(ProjectConfigurationPlatforms) = postSolution
		{D2E41FB1-2ABE-4F42-873B-0D40B3B60CEB}.Debug|Any CPU.ActiveCfg = Debug|Any CPU
		{D2E41FB1-2ABE-4F42-873B-0D40B3B60CEB}.Debug|Any CPU.Build.0 = Debug|Any CPU
		{D2E41FB1-2ABE-4F42-873B-0D40B3B60CEB}.Debug|x64.ActiveCfg = Debug|Any CPU
		{D2E41FB1-2ABE-4F42-873B-0D40B3B60CEB}.Debug|x64.Build.0 = Debug|Any CPU
		{D2E41FB1-2ABE-4F42-873B-0D40B3B60CEB}.Debug|x86.ActiveCfg = Debug|Any CPU
		{D2E41FB1-2ABE-4F42-873B-0D40B3B60CEB}.Debug|x86.Build.0 = Debug|Any CPU
		{D2E41FB1-2ABE-4F42-873B-0D40B3B60CEB}.Release|Any CPU.ActiveCfg = Release|Any CPU
		{D2E41FB1-2ABE-4F42-873B-0D40B3B60CEB}.Release|Any CPU.Build.0 = Release|Any CPU
		{D2E41FB1-2ABE-4F42-873B-0D40B3B60CEB}.Release|x64.ActiveCfg = Release|Any CPU
		{D2E41FB1-2ABE-4F42-873B-0D40B3B60CEB}.Release|x64.Build.0 = Release|Any CPU
		{D2E41FB1-2ABE-4F42-873B-0D40B3B60CEB}.Release|x86.ActiveCfg = Release|Any CPU
		{D2E41FB1-2ABE-4F42-873B-0D40B3B60CEB}.Release|x86.Build.0 = Release|Any CPU
		{DB4BB16D-ACC0-40DF-B733-5F6610948895}.Debug|Any CPU.ActiveCfg = Debug|Any CPU
		{DB4BB16D-ACC0-40DF-B733-5F6610948895}.Debug|Any CPU.Build.0 = Debug|Any CPU
		{DB4BB16D-ACC0-40DF-B733-5F6610948895}.Debug|x64.ActiveCfg = Debug|Any CPU
		{DB4BB16D-ACC0-40DF-B733-5F6610948895}.Debug|x64.Build.0 = Debug|Any CPU
		{DB4BB16D-ACC0-40DF-B733-5F6610948895}.Debug|x86.ActiveCfg = Debug|Any CPU
		{DB4BB16D-ACC0-40DF-B733-5F6610948895}.Debug|x86.Build.0 = Debug|Any CPU
		{DB4BB16D-ACC0-40DF-B733-5F6610948895}.Release|Any CPU.ActiveCfg = Release|Any CPU
		{DB4BB16D-ACC0-40DF-B733-5F6610948895}.Release|Any CPU.Build.0 = Release|Any CPU
		{DB4BB16D-ACC0-40DF-B733-5F6610948895}.Release|x64.ActiveCfg = Release|Any CPU
		{DB4BB16D-ACC0-40DF-B733-5F6610948895}.Release|x64.Build.0 = Release|Any CPU
		{DB4BB16D-ACC0-40DF-B733-5F6610948895}.Release|x86.ActiveCfg = Release|Any CPU
		{DB4BB16D-ACC0-40DF-B733-5F6610948895}.Release|x86.Build.0 = Release|Any CPU
		{D5D3CE08-48A8-4523-B63C-89729EDAD674}.Debug|Any CPU.ActiveCfg = Debug|Any CPU
		{D5D3CE08-48A8-4523-B63C-89729EDAD674}.Debug|Any CPU.Build.0 = Debug|Any CPU
		{D5D3CE08-48A8-4523-B63C-89729EDAD674}.Debug|x64.ActiveCfg = Debug|Any CPU
		{D5D3CE08-48A8-4523-B63C-89729EDAD674}.Debug|x64.Build.0 = Debug|Any CPU
		{D5D3CE08-48A8-4523-B63C-89729EDAD674}.Debug|x86.ActiveCfg = Debug|Any CPU
		{D5D3CE08-48A8-4523-B63C-89729EDAD674}.Debug|x86.Build.0 = Debug|Any CPU
		{D5D3CE08-48A8-4523-B63C-89729EDAD674}.Release|Any CPU.ActiveCfg = Release|Any CPU
		{D5D3CE08-48A8-4523-B63C-89729EDAD674}.Release|Any CPU.Build.0 = Release|Any CPU
		{D5D3CE08-48A8-4523-B63C-89729EDAD674}.Release|x64.ActiveCfg = Release|Any CPU
		{D5D3CE08-48A8-4523-B63C-89729EDAD674}.Release|x64.Build.0 = Release|Any CPU
		{D5D3CE08-48A8-4523-B63C-89729EDAD674}.Release|x86.ActiveCfg = Release|Any CPU
		{D5D3CE08-48A8-4523-B63C-89729EDAD674}.Release|x86.Build.0 = Release|Any CPU
		{5CF079DC-3D5A-4F4C-A22B-A5960A6909DC}.Debug|Any CPU.ActiveCfg = Debug|Any CPU
		{5CF079DC-3D5A-4F4C-A22B-A5960A6909DC}.Debug|Any CPU.Build.0 = Debug|Any CPU
		{5CF079DC-3D5A-4F4C-A22B-A5960A6909DC}.Debug|x64.ActiveCfg = Debug|Any CPU
		{5CF079DC-3D5A-4F4C-A22B-A5960A6909DC}.Debug|x64.Build.0 = Debug|Any CPU
		{5CF079DC-3D5A-4F4C-A22B-A5960A6909DC}.Debug|x86.ActiveCfg = Debug|Any CPU
		{5CF079DC-3D5A-4F4C-A22B-A5960A6909DC}.Debug|x86.Build.0 = Debug|Any CPU
		{5CF079DC-3D5A-4F4C-A22B-A5960A6909DC}.Release|Any CPU.ActiveCfg = Release|Any CPU
		{5CF079DC-3D5A-4F4C-A22B-A5960A6909DC}.Release|Any CPU.Build.0 = Release|Any CPU
		{5CF079DC-3D5A-4F4C-A22B-A5960A6909DC}.Release|x64.ActiveCfg = Release|Any CPU
		{5CF079DC-3D5A-4F4C-A22B-A5960A6909DC}.Release|x64.Build.0 = Release|Any CPU
		{5CF079DC-3D5A-4F4C-A22B-A5960A6909DC}.Release|x86.ActiveCfg = Release|Any CPU
		{5CF079DC-3D5A-4F4C-A22B-A5960A6909DC}.Release|x86.Build.0 = Release|Any CPU
		{45ABABD5-EF5B-49FB-811F-D31A11188EE2}.Debug|Any CPU.ActiveCfg = Debug|Any CPU
		{45ABABD5-EF5B-49FB-811F-D31A11188EE2}.Debug|Any CPU.Build.0 = Debug|Any CPU
		{45ABABD5-EF5B-49FB-811F-D31A11188EE2}.Debug|x64.ActiveCfg = Debug|Any CPU
		{45ABABD5-EF5B-49FB-811F-D31A11188EE2}.Debug|x64.Build.0 = Debug|Any CPU
		{45ABABD5-EF5B-49FB-811F-D31A11188EE2}.Debug|x86.ActiveCfg = Debug|Any CPU
		{45ABABD5-EF5B-49FB-811F-D31A11188EE2}.Debug|x86.Build.0 = Debug|Any CPU
		{45ABABD5-EF5B-49FB-811F-D31A11188EE2}.Release|Any CPU.ActiveCfg = Release|Any CPU
		{45ABABD5-EF5B-49FB-811F-D31A11188EE2}.Release|Any CPU.Build.0 = Release|Any CPU
		{45ABABD5-EF5B-49FB-811F-D31A11188EE2}.Release|x64.ActiveCfg = Release|Any CPU
		{45ABABD5-EF5B-49FB-811F-D31A11188EE2}.Release|x64.Build.0 = Release|Any CPU
		{45ABABD5-EF5B-49FB-811F-D31A11188EE2}.Release|x86.ActiveCfg = Release|Any CPU
		{45ABABD5-EF5B-49FB-811F-D31A11188EE2}.Release|x86.Build.0 = Release|Any CPU
		{004BC0D8-3E08-4577-839A-497F675394FC}.Debug|Any CPU.ActiveCfg = Debug|Any CPU
		{004BC0D8-3E08-4577-839A-497F675394FC}.Debug|Any CPU.Build.0 = Debug|Any CPU
		{004BC0D8-3E08-4577-839A-497F675394FC}.Debug|x64.ActiveCfg = Debug|Any CPU
		{004BC0D8-3E08-4577-839A-497F675394FC}.Debug|x64.Build.0 = Debug|Any CPU
		{004BC0D8-3E08-4577-839A-497F675394FC}.Debug|x86.ActiveCfg = Debug|Any CPU
		{004BC0D8-3E08-4577-839A-497F675394FC}.Debug|x86.Build.0 = Debug|Any CPU
		{004BC0D8-3E08-4577-839A-497F675394FC}.Release|Any CPU.ActiveCfg = Release|Any CPU
		{004BC0D8-3E08-4577-839A-497F675394FC}.Release|Any CPU.Build.0 = Release|Any CPU
		{004BC0D8-3E08-4577-839A-497F675394FC}.Release|x64.ActiveCfg = Release|Any CPU
		{004BC0D8-3E08-4577-839A-497F675394FC}.Release|x64.Build.0 = Release|Any CPU
		{004BC0D8-3E08-4577-839A-497F675394FC}.Release|x86.ActiveCfg = Release|Any CPU
		{004BC0D8-3E08-4577-839A-497F675394FC}.Release|x86.Build.0 = Release|Any CPU
	EndGlobalSection
	GlobalSection(SolutionProperties) = preSolution
		HideSolutionNode = FALSE
	EndGlobalSection
EndGlobal
